{
  "requires": true,
  "lockfileVersion": 1,
  "dependencies": {
    "cordova-plugin-video-player": {
      "version": "1.0.1",
      "resolved": "https://registry.npmjs.org/cordova-plugin-video-player/-/cordova-plugin-video-player-1.0.1.tgz",
      "integrity": "sha512-cK9oTa/N/kp+I1W6BYTW/N0h1dNuWT/m+PpwDG6K2UpeUCOsy2ynrzz9e6fOn1vCQ85koQzL6Pve0XNzupAVew=="
    }
  }
}
